
Microsoft Visual Studio Solution File, Format Version 12.00
# Visual Studio Version 16
VisualStudioVersion = 16.0.29519.181
MinimumVisualStudioVersion = 10.0.40219.1
Project("{2150E333-8FDC-42A3-9474-1A3956D46DE8}") = "1 - Distribution Layer", "1 - Distribution Layer", "{019CA4EE-5E6E-491B-AE2E-BF12C0D2BE37}"
EndProject
Project("{2150E333-8FDC-42A3-9474-1A3956D46DE8}") = "2 - Application Layer", "2 - Application Layer", "{CAE131FE-883E-406F-A68B-5C01C0AB7EB6}"
EndProject
Project("{2150E333-8FDC-42A3-9474-1A3956D46DE8}") = "3 - Domain Layer", "3 - Domain Layer", "{A530006A-1AFA-48BD-849C-8C87DC1607B6}"
EndProject
Project("{2150E333-8FDC-42A3-9474-1A3956D46DE8}") = "4 - Infra Layer", "4 - Infra Layer", "{3E1A1BB7-5120-4FB5-98B7-EF1221FD1144}"
EndProject
Project("{2150E333-8FDC-42A3-9474-1A3956D46DE8}") = "Testes", "Testes", "{C7B2D8EF-4522-4D5A-B908-B2F2377DF1F1}"
EndProject
Project("{9A19103F-16F7-4668-BE54-9A1E7A4F7556}") = "GestorProdutos.Sincronizacao.API", "..\Projetos\GestorProduto.Sincronizacao.API\GestorProdutos.Sincronizacao.API.csproj", "{1176D0C2-A740-45DE-BAF1-6AA520E3491D}"
EndProject
Project("{9A19103F-16F7-4668-BE54-9A1E7A4F7556}") = "GestorProdutos.Sincronizacao.Host", "..\Projetos\GestorProduto.Sincronizacao.Host\GestorProdutos.Sincronizacao.Host.csproj", "{BA1EEE6B-CCE7-4416-845D-A7561DEBACB2}"
EndProject
Project("{9A19103F-16F7-4668-BE54-9A1E7A4F7556}") = "GestorProdutos.Migracoes", "..\Projetos\GestorProdutos.Migracoes\GestorProdutos.Migracoes.csproj", "{B946F9C8-640C-48BD-8EBF-C8FEA0E30BED}"
EndProject
Project("{9A19103F-16F7-4668-BE54-9A1E7A4F7556}") = "GestorProdutos.Base", "..\Projetos\GestorProdutos.Base\GestorProdutos.Base\GestorProdutos.Base.csproj", "{E613C87F-6F55-45DB-B5A4-E62714F6C6EC}"
EndProject
Project("{9A19103F-16F7-4668-BE54-9A1E7A4F7556}") = "GestorProdutos.Infra", "..\Projetos\GestorProdutos.Infra\GestorProdutos.Infra.csproj", "{88C05B1A-AED8-4B77-B2F1-BFADEE902A92}"
EndProject
Project("{9A19103F-16F7-4668-BE54-9A1E7A4F7556}") = "GestorProdutos.WebApp.MVC", "..\Projetos\GestorProdutos.WebApp.MVC\GestorProdutos.WebApp.MVC.csproj", "{5E71A2FD-F48F-4204-AD7F-F08A8B01589B}"
EndProject
Project("{9A19103F-16F7-4668-BE54-9A1E7A4F7556}") = "GestorProdutos.Front.Produtos.Data", "..\Projetos\GestorProdutos.Catalogo.Data\GestorProdutos.Front.Produtos.Data.csproj", "{903AC128-F817-40DD-A102-1A559A5666BF}"
EndProject
Project("{9A19103F-16F7-4668-BE54-9A1E7A4F7556}") = "GestorProdutos.Catalogo.Domain", "..\Projetos\GestorProdutos.Catalogo.Domain\GestorProdutos.Catalogo.Domain.csproj", "{787F5F73-C5C9-4B8D-9004-2D7DC4B79676}"
EndProject
Project("{9A19103F-16F7-4668-BE54-9A1E7A4F7556}") = "GestorProdutos.Core", "..\Projetos\GestorProdutos.Core\GestorProdutos.Core.csproj", "{CC1BEA31-1AF7-4EA3-9455-FD902AED9FB6}"
EndProject
Project("{9A19103F-16F7-4668-BE54-9A1E7A4F7556}") = "GestorProdutos.Negocio", "..\Projetos\GestorProdutos.Negocio\GestorProdutos.Negocio.csproj", "{1B782C1E-6004-4BAE-80FC-350FD62DA7DC}"
EndProject
Project("{9A19103F-16F7-4668-BE54-9A1E7A4F7556}") = "GestorProdutos.Application", "..\Projetos\GestorProdutos.Application\GestorProdutos.Application.csproj", "{FEF3D03D-E51B-4873-85E8-8F51E8154F34}"
EndProject
Project("{9A19103F-16F7-4668-BE54-9A1E7A4F7556}") = "GestorProdutos.Base.Hosting", "..\Projetos\NDD.MicroServico.Base.Hosting\GestorProdutos.Base.Hosting.csproj", "{24F35CA7-5A01-4AD1-8C7E-22270FF82550}"
EndProject
Project("{9A19103F-16F7-4668-BE54-9A1E7A4F7556}") = "GestorProdutos.Base.Schedulador.Quartz", "..\Projetos\NDD.MicroServico.Base.Schedulador.Quartz\GestorProdutos.Base.Schedulador.Quartz.csproj", "{AC45D24C-1C8F-4FF4-800E-E4E84CF250DD}"
EndProject
Project("{FAE04EC0-301F-11D3-BF4B-00C04F79EFBC}") = "GestorProdutos.Sincronizacao.Produtos.Data", "..\Projetos\GestorProdutos.Sincronizacao.Produtos.Data\GestorProdutos.Sincronizacao.Produtos.Data.csproj", "{31742409-8D2E-4817-893C-DCAEF6A000E1}"
EndProject
Global
	GlobalSection(SolutionConfigurationPlatforms) = preSolution
		Debug|Any CPU = Debug|Any CPU
		Release|Any CPU = Release|Any CPU
	EndGlobalSection
	GlobalSection(ProjectConfigurationPlatforms) = postSolution
		{1176D0C2-A740-45DE-BAF1-6AA520E3491D}.Debug|Any CPU.ActiveCfg = Debug|Any CPU
		{1176D0C2-A740-45DE-BAF1-6AA520E3491D}.Debug|Any CPU.Build.0 = Debug|Any CPU
		{1176D0C2-A740-45DE-BAF1-6AA520E3491D}.Release|Any CPU.ActiveCfg = Release|Any CPU
		{1176D0C2-A740-45DE-BAF1-6AA520E3491D}.Release|Any CPU.Build.0 = Release|Any CPU
		{BA1EEE6B-CCE7-4416-845D-A7561DEBACB2}.Debug|Any CPU.ActiveCfg = Debug|Any CPU
		{BA1EEE6B-CCE7-4416-845D-A7561DEBACB2}.Debug|Any CPU.Build.0 = Debug|Any CPU
		{BA1EEE6B-CCE7-4416-845D-A7561DEBACB2}.Release|Any CPU.ActiveCfg = Release|Any CPU
		{BA1EEE6B-CCE7-4416-845D-A7561DEBACB2}.Release|Any CPU.Build.0 = Release|Any CPU
		{B946F9C8-640C-48BD-8EBF-C8FEA0E30BED}.Debug|Any CPU.ActiveCfg = Debug|Any CPU
		{B946F9C8-640C-48BD-8EBF-C8FEA0E30BED}.Debug|Any CPU.Build.0 = Debug|Any CPU
		{B946F9C8-640C-48BD-8EBF-C8FEA0E30BED}.Release|Any CPU.ActiveCfg = Release|Any CPU
		{B946F9C8-640C-48BD-8EBF-C8FEA0E30BED}.Release|Any CPU.Build.0 = Release|Any CPU
		{E613C87F-6F55-45DB-B5A4-E62714F6C6EC}.Debug|Any CPU.ActiveCfg = Debug|Any CPU
		{E613C87F-6F55-45DB-B5A4-E62714F6C6EC}.Debug|Any CPU.Build.0 = Debug|Any CPU
		{E613C87F-6F55-45DB-B5A4-E62714F6C6EC}.Release|Any CPU.ActiveCfg = Release|Any CPU
		{E613C87F-6F55-45DB-B5A4-E62714F6C6EC}.Release|Any CPU.Build.0 = Release|Any CPU
		{88C05B1A-AED8-4B77-B2F1-BFADEE902A92}.Debug|Any CPU.ActiveCfg = Debug|Any CPU
		{88C05B1A-AED8-4B77-B2F1-BFADEE902A92}.Debug|Any CPU.Build.0 = Debug|Any CPU
		{88C05B1A-AED8-4B77-B2F1-BFADEE902A92}.Release|Any CPU.ActiveCfg = Release|Any CPU
		{88C05B1A-AED8-4B77-B2F1-BFADEE902A92}.Release|Any CPU.Build.0 = Release|Any CPU
		{5E71A2FD-F48F-4204-AD7F-F08A8B01589B}.Debug|Any CPU.ActiveCfg = Debug|Any CPU
		{5E71A2FD-F48F-4204-AD7F-F08A8B01589B}.Debug|Any CPU.Build.0 = Debug|Any CPU
		{5E71A2FD-F48F-4204-AD7F-F08A8B01589B}.Release|Any CPU.ActiveCfg = Release|Any CPU
		{5E71A2FD-F48F-4204-AD7F-F08A8B01589B}.Release|Any CPU.Build.0 = Release|Any CPU
		{903AC128-F817-40DD-A102-1A559A5666BF}.Debug|Any CPU.ActiveCfg = Debug|Any CPU
		{903AC128-F817-40DD-A102-1A559A5666BF}.Debug|Any CPU.Build.0 = Debug|Any CPU
		{903AC128-F817-40DD-A102-1A559A5666BF}.Release|Any CPU.ActiveCfg = Release|Any CPU
		{903AC128-F817-40DD-A102-1A559A5666BF}.Release|Any CPU.Build.0 = Release|Any CPU
		{787F5F73-C5C9-4B8D-9004-2D7DC4B79676}.Debug|Any CPU.ActiveCfg = Debug|Any CPU
		{787F5F73-C5C9-4B8D-9004-2D7DC4B79676}.Debug|Any CPU.Build.0 = Debug|Any CPU
		{787F5F73-C5C9-4B8D-9004-2D7DC4B79676}.Release|Any CPU.ActiveCfg = Release|Any CPU
		{787F5F73-C5C9-4B8D-9004-2D7DC4B79676}.Release|Any CPU.Build.0 = Release|Any CPU
		{CC1BEA31-1AF7-4EA3-9455-FD902AED9FB6}.Debug|Any CPU.ActiveCfg = Debug|Any CPU
		{CC1BEA31-1AF7-4EA3-9455-FD902AED9FB6}.Debug|Any CPU.Build.0 = Debug|Any CPU
		{CC1BEA31-1AF7-4EA3-9455-FD902AED9FB6}.Release|Any CPU.ActiveCfg = Release|Any CPU
		{CC1BEA31-1AF7-4EA3-9455-FD902AED9FB6}.Release|Any CPU.Build.0 = Release|Any CPU
		{1B782C1E-6004-4BAE-80FC-350FD62DA7DC}.Debug|Any CPU.ActiveCfg = Debug|Any CPU
		{1B782C1E-6004-4BAE-80FC-350FD62DA7DC}.Debug|Any CPU.Build.0 = Debug|Any CPU
		{1B782C1E-6004-4BAE-80FC-350FD62DA7DC}.Release|Any CPU.ActiveCfg = Release|Any CPU
		{1B782C1E-6004-4BAE-80FC-350FD62DA7DC}.Release|Any CPU.Build.0 = Release|Any CPU
		{FEF3D03D-E51B-4873-85E8-8F51E8154F34}.Debug|Any CPU.ActiveCfg = Debug|Any CPU
		{FEF3D03D-E51B-4873-85E8-8F51E8154F34}.Debug|Any CPU.Build.0 = Debug|Any CPU
		{FEF3D03D-E51B-4873-85E8-8F51E8154F34}.Release|Any CPU.ActiveCfg = Release|Any CPU
		{FEF3D03D-E51B-4873-85E8-8F51E8154F34}.Release|Any CPU.Build.0 = Release|Any CPU
		{24F35CA7-5A01-4AD1-8C7E-22270FF82550}.Debug|Any CPU.ActiveCfg = Debug|Any CPU
		{24F35CA7-5A01-4AD1-8C7E-22270FF82550}.Debug|Any CPU.Build.0 = Debug|Any CPU
		{24F35CA7-5A01-4AD1-8C7E-22270FF82550}.Release|Any CPU.ActiveCfg = Release|Any CPU
		{24F35CA7-5A01-4AD1-8C7E-22270FF82550}.Release|Any CPU.Build.0 = Release|Any CPU
		{AC45D24C-1C8F-4FF4-800E-E4E84CF250DD}.Debug|Any CPU.ActiveCfg = Debug|Any CPU
		{AC45D24C-1C8F-4FF4-800E-E4E84CF250DD}.Debug|Any CPU.Build.0 = Debug|Any CPU
		{AC45D24C-1C8F-4FF4-800E-E4E84CF250DD}.Release|Any CPU.ActiveCfg = Release|Any CPU
		{AC45D24C-1C8F-4FF4-800E-E4E84CF250DD}.Release|Any CPU.Build.0 = Release|Any CPU
		{31742409-8D2E-4817-893C-DCAEF6A000E1}.Debug|Any CPU.ActiveCfg = Debug|Any CPU
		{31742409-8D2E-4817-893C-DCAEF6A000E1}.Debug|Any CPU.Build.0 = Debug|Any CPU
		{31742409-8D2E-4817-893C-DCAEF6A000E1}.Release|Any CPU.ActiveCfg = Release|Any CPU
		{31742409-8D2E-4817-893C-DCAEF6A000E1}.Release|Any CPU.Build.0 = Release|Any CPU
	EndGlobalSection
	GlobalSection(SolutionProperties) = preSolution
		HideSolutionNode = FALSE
	EndGlobalSection
	GlobalSection(NestedProjects) = preSolution
		{1176D0C2-A740-45DE-BAF1-6AA520E3491D} = {019CA4EE-5E6E-491B-AE2E-BF12C0D2BE37}
		{BA1EEE6B-CCE7-4416-845D-A7561DEBACB2} = {019CA4EE-5E6E-491B-AE2E-BF12C0D2BE37}
		{B946F9C8-640C-48BD-8EBF-C8FEA0E30BED} = {3E1A1BB7-5120-4FB5-98B7-EF1221FD1144}
		{E613C87F-6F55-45DB-B5A4-E62714F6C6EC} = {3E1A1BB7-5120-4FB5-98B7-EF1221FD1144}
		{88C05B1A-AED8-4B77-B2F1-BFADEE902A92} = {3E1A1BB7-5120-4FB5-98B7-EF1221FD1144}
		{5E71A2FD-F48F-4204-AD7F-F08A8B01589B} = {019CA4EE-5E6E-491B-AE2E-BF12C0D2BE37}
		{903AC128-F817-40DD-A102-1A559A5666BF} = {3E1A1BB7-5120-4FB5-98B7-EF1221FD1144}
		{787F5F73-C5C9-4B8D-9004-2D7DC4B79676} = {A530006A-1AFA-48BD-849C-8C87DC1607B6}
		{CC1BEA31-1AF7-4EA3-9455-FD902AED9FB6} = {3E1A1BB7-5120-4FB5-98B7-EF1221FD1144}
		{1B782C1E-6004-4BAE-80FC-350FD62DA7DC} = {A530006A-1AFA-48BD-849C-8C87DC1607B6}
		{FEF3D03D-E51B-4873-85E8-8F51E8154F34} = {CAE131FE-883E-406F-A68B-5C01C0AB7EB6}
		{24F35CA7-5A01-4AD1-8C7E-22270FF82550} = {3E1A1BB7-5120-4FB5-98B7-EF1221FD1144}
		{AC45D24C-1C8F-4FF4-800E-E4E84CF250DD} = {3E1A1BB7-5120-4FB5-98B7-EF1221FD1144}
		{31742409-8D2E-4817-893C-DCAEF6A000E1} = {3E1A1BB7-5120-4FB5-98B7-EF1221FD1144}
	EndGlobalSection
	GlobalSection(ExtensibilityGlobals) = postSolution
		SolutionGuid = {7AA5BEFA-1CB0-47AA-B4F2-93808ED92157}
	EndGlobalSection
EndGlobal
